Microsoft Visual Studio Solution File, Format Version 12.00
# Visual Studio 15
VisualStudioVersion = 15.0.28010.2016
MinimumVisualStudioVersion = 10.0.40219.1
Project("{FAE04EC0-301F-11D3-BF4B-00C04F79EFBC}") = "Q205815", "Q205815\Q205815.csproj", "{C1B65518-FD13-4A04-8F44-B266C5710ECE}"
EndProject
Global
	GlobalSection(SolutionConfigurationPlatforms) = preSolution
		Debug|Any CPU = Debug|Any CPU
		Release|Any CPU = Release|Any CPU
	EndGlobalSection
	GlobalSection(ProjectConfigurationPlatforms) = postSolution
		{C1B65518-FD13-4A04-8F44-B266C5710ECE}.Debug|Any CPU.ActiveCfg = Debug|Any CPU
		{C1B65518-FD13-4A04-8F44-B266C5710ECE}.Debug|Any CPU.Build.0 = Debug|Any CPU
		{C1B65518-FD13-4A04-8F44-B266C5710ECE}.Release|Any CPU.ActiveCfg = Release|Any CPU
		{C1B65518-FD13-4A04-8F44-B266C5710ECE}.Release|Any CPU.Build.0 = Release|Any CPU
	EndGlobalSection
	GlobalSection(SolutionProperties) = preSolution
		HideSolutionNode = FALSE
	EndGlobalSection
	GlobalSection(ExtensibilityGlobals) = postSolution
		SolutionGuid = {74AD4577-3195-492F-B769-93A49E2F9442}
	EndGlobalSection
EndGlobal
